PODS:
  - Capacitor (2.0.0):
    - CapacitorCordova (= 2.0.0)
  - CapacitorCordova (2.0.0)
  - CordovaPlugins (2.0.0):
    - CapacitorCordova

DEPENDENCIES:
  - "Capacitor (from `../../node_modules/@capacitor/ios`)"
  - "CapacitorCordova (from `../../node_modules/@capacitor/ios`)"
  - CordovaPlugins (from `../capacitor-cordova-ios-plugins`)

EXTERNAL SOURCES:
  Capacitor:
    :path: "../../node_modules/@capacitor/ios"
  CapacitorCordova:
    :path: "../../node_modules/@capacitor/ios"
  CordovaPlugins:
    :path: "../capacitor-cordova-ios-plugins"

SPEC CHECKSUMS:
  Capacitor: a816471ea1873a2ffdcda68c2c72e5e813b1e253
  CapacitorCordova: f2073f677525a6d024b23a83961758ec368b3f39
  CordovaPlugins: b885e5cc190b69cad754b23e84e89784105da54d

PODFILE CHECKSUM: 31d8a428413f290e2361b7d3a4bdaa17497bf723

COCOAPODS: 1.8.3
